
Microsoft Visual Studio Solution File, Format Version 12.00
# Visual Studio Version 17
VisualStudioVersion = 17.8.34525.116
MinimumVisualStudioVersion = 10.0.40219.1
Project("{9A19103F-16F7-4668-BE54-9A1E7A4F7556}") = "Parcial1_Ap1_IsaacCoste", "Parcial1_Ap1_IsaacCoste.csproj", "{8ED924B2-D4F8-48A7-ADF2-E3277B04240E}"
EndProject
Global
	GlobalSection(SolutionConfigurationPlatforms) = preSolution
		Debug|Any CPU = Debug|Any CPU
		Release|Any CPU = Release|Any CPU
	EndGlobalSection
	GlobalSection(ProjectConfigurationPlatforms) = postSolution
		{8ED924B2-D4F8-48A7-ADF2-E3277B04240E}.Debug|Any CPU.ActiveCfg = Debug|Any CPU
		{8ED924B2-D4F8-48A7-ADF2-E3277B04240E}.Debug|Any CPU.Build.0 = Debug|Any CPU
		{8ED924B2-D4F8-48A7-ADF2-E3277B04240E}.Release|Any CPU.ActiveCfg = Release|Any CPU
		{8ED924B2-D4F8-48A7-ADF2-E3277B04240E}.Release|Any CPU.Build.0 = Release|Any CPU
	EndGlobalSection
	GlobalSection(SolutionProperties) = preSolution
		HideSolutionNode = FALSE
	EndGlobalSection
	GlobalSection(ExtensibilityGlobals) = postSolution
		SolutionGuid = {E0F68AD0-F1A5-46B7-BACD-E76E4889C71F}
	EndGlobalSection
EndGlobal
